// !$*UTF8*$!
{
	archiveVersion = 1;
	classes = {
	};
	objectVersion = 55;
	objects = {

/* Begin PBXBuildFile section */
		B910AB3C2945E42400D9E7EA /* SettingsViewController.swift in Sources */ = {isa = PBXBuildFile; fileRef = B910AB3B2945E42400D9E7EA /* SettingsViewController.swift */; };
		B910AB402945E51900D9E7EA /* StatisticsViewController.swift in Sources */ = {isa = PBXBuildFile; fileRef = B910AB3F2945E51900D9E7EA /* StatisticsViewController.swift */; };
		B932E944289C402A007244E6 /* DoneButton.swift in Sources */ = {isa = PBXBuildFile; fileRef = B932E943289C402A007244E6 /* DoneButton.swift */; };
		B932E946289DB069007244E6 /* HeaderCell.swift in Sources */ = {isa = PBXBuildFile; fileRef = B932E945289DB069007244E6 /* HeaderCell.swift */; };
		B932E948289DB365007244E6 /* StartAppCellViewModel.swift in Sources */ = {isa = PBXBuildFile; fileRef = B932E947289DB365007244E6 /* StartAppCellViewModel.swift */; };
		B932E94A289DBD95007244E6 /* HorizontalProgressBar.swift in Sources */ = {isa = PBXBuildFile; fileRef = B932E949289DBD95007244E6 /* HorizontalProgressBar.swift */; };
		B932E94C28A00499007244E6 /* WordTextView.swift in Sources */ = {isa = PBXBuildFile; fileRef = B932E94B28A00499007244E6 /* WordTextView.swift */; };
		B932E95228ABF9DC007244E6 /* RepetitionViewController.swift in Sources */ = {isa = PBXBuildFile; fileRef = B932E95128ABF9DC007244E6 /* RepetitionViewController.swift */; };
		B932E95428ABFA1E007244E6 /* RepetitionViewProtocol.swift in Sources */ = {isa = PBXBuildFile; fileRef = B932E95328ABFA1E007244E6 /* RepetitionViewProtocol.swift */; };
		B932E95628ABFA5F007244E6 /* RepetitionPresenter.swift in Sources */ = {isa = PBXBuildFile; fileRef = B932E95528ABFA5F007244E6 /* RepetitionPresenter.swift */; };
		B932E95828ABFA98007244E6 /* RepetitionPresenterProtocol.swift in Sources */ = {isa = PBXBuildFile; fileRef = B932E95728ABFA98007244E6 /* RepetitionPresenterProtocol.swift */; };
		B932E95A28ABFADF007244E6 /* RepetitonInteractor.swift in Sources */ = {isa = PBXBuildFile; fileRef = B932E95928ABFADF007244E6 /* RepetitonInteractor.swift */; };
		B932E95C28ABFB51007244E6 /* RepetitionInteractorProtocol.swift in Sources */ = {isa = PBXBuildFile; fileRef = B932E95B28ABFB51007244E6 /* RepetitionInteractorProtocol.swift */; };
		B932E95E28ABFBC4007244E6 /* RepetitionModuleBuilder.swift in Sources */ = {isa = PBXBuildFile; fileRef = B932E95D28ABFBC4007244E6 /* RepetitionModuleBuilder.swift */; };
		B932E96128AC032B007244E6 /* RepetitionCell.swift in Sources */ = {isa = PBXBuildFile; fileRef = B932E96028AC032B007244E6 /* RepetitionCell.swift */; };
		B932E96328AC06AD007244E6 /* RepetitionCellDataModel.swift in Sources */ = {isa = PBXBuildFile; fileRef = B932E96228AC06AD007244E6 /* RepetitionCellDataModel.swift */; };
		B932E96528AC06F4007244E6 /* RepetitionTableViewDataSource.swift in Sources */ = {isa = PBXBuildFile; fileRef = B932E96428AC06F4007244E6 /* RepetitionTableViewDataSource.swift */; };
		B932E96B28B7F960007244E6 /* CardsRepetitionViewController.swift in Sources */ = {isa = PBXBuildFile; fileRef = B932E96A28B7F960007244E6 /* CardsRepetitionViewController.swift */; };
		B932E96F28B7FA0E007244E6 /* CardsRepetitionPresenter.swift in Sources */ = {isa = PBXBuildFile; fileRef = B932E96E28B7FA0E007244E6 /* CardsRepetitionPresenter.swift */; };
		B932E97128B7FA58007244E6 /* CardsRepetitionProtocol.swift in Sources */ = {isa = PBXBuildFile; fileRef = B932E97028B7FA58007244E6 /* CardsRepetitionProtocol.swift */; };
		B932E97328B7FAA5007244E6 /* CardsRepetitionInteractor.swift in Sources */ = {isa = PBXBuildFile; fileRef = B932E97228B7FAA5007244E6 /* CardsRepetitionInteractor.swift */; };
		B932E97528B7FAD0007244E6 /* CardsRepetitionInteractorProtocol.swift in Sources */ = {isa = PBXBuildFile; fileRef = B932E97428B7FAD0007244E6 /* CardsRepetitionInteractorProtocol.swift */; };
		B932E97728B7FB5B007244E6 /* CardsRepetitionModuleBuilder.swift in Sources */ = {isa = PBXBuildFile; fileRef = B932E97628B7FB5B007244E6 /* CardsRepetitionModuleBuilder.swift */; };
		B932E97928B7FC29007244E6 /* CardsRepetitionViewProtocol.swift in Sources */ = {isa = PBXBuildFile; fileRef = B932E97828B7FC29007244E6 /* CardsRepetitionViewProtocol.swift */; };
		B93EF8B428968A8F0057C774 /* CardsViewProtocol.swift in Sources */ = {isa = PBXBuildFile; fileRef = B93EF8B328968A8F0057C774 /* CardsViewProtocol.swift */; };
		B93EF8B628968B150057C774 /* CardCellDataModel.swift in Sources */ = {isa = PBXBuildFile; fileRef = B93EF8B528968B150057C774 /* CardCellDataModel.swift */; };
		B93EF8B828968D210057C774 /* CardsPresenter.swift in Sources */ = {isa = PBXBuildFile; fileRef = B93EF8B728968D210057C774 /* CardsPresenter.swift */; };
		B93EF8BA28968D950057C774 /* CardsPresenterProtocol.swift in Sources */ = {isa = PBXBuildFile; fileRef = B93EF8B928968D950057C774 /* CardsPresenterProtocol.swift */; };
		B93EF8BE28968E320057C774 /* CardsInteractor.swift in Sources */ = {isa = PBXBuildFile; fileRef = B93EF8BD28968E320057C774 /* CardsInteractor.swift */; };
		B93EF8C028968E690057C774 /* CardsInteractorProtocol.swift in Sources */ = {isa = PBXBuildFile; fileRef = B93EF8BF28968E690057C774 /* CardsInteractorProtocol.swift */; };
		B93EF8C228968F310057C774 /* CardsModuleBuilder.swift in Sources */ = {isa = PBXBuildFile; fileRef = B93EF8C128968F310057C774 /* CardsModuleBuilder.swift */; };
		B93EF8C428970C4C0057C774 /* FadeView.swift in Sources */ = {isa = PBXBuildFile; fileRef = B93EF8C328970C4C0057C774 /* FadeView.swift */; };
		B93EF8CB289AF9910057C774 /* WordViewController.swift in Sources */ = {isa = PBXBuildFile; fileRef = B93EF8CA289AF9910057C774 /* WordViewController.swift */; };
		B93EF8CD289AF9B60057C774 /* WordViewProtocol.swift in Sources */ = {isa = PBXBuildFile; fileRef = B93EF8CC289AF9B60057C774 /* WordViewProtocol.swift */; };
		B93EF8CF289AFAB00057C774 /* WordPresenter.swift in Sources */ = {isa = PBXBuildFile; fileRef = B93EF8CE289AFAB00057C774 /* WordPresenter.swift */; };
		B93EF8D1289AFADC0057C774 /* WordPresenterProtocol.swift in Sources */ = {isa = PBXBuildFile; fileRef = B93EF8D0289AFADC0057C774 /* WordPresenterProtocol.swift */; };
		B93EF8D3289AFB060057C774 /* WordInteractor.swift in Sources */ = {isa = PBXBuildFile; fileRef = B93EF8D2289AFB060057C774 /* WordInteractor.swift */; };
		B93EF8D5289AFB2A0057C774 /* WordInteractorProtocol.swift in Sources */ = {isa = PBXBuildFile; fileRef = B93EF8D4289AFB2A0057C774 /* WordInteractorProtocol.swift */; };
		B93EF8D7289AFB720057C774 /* WordModuleBuilder.swift in Sources */ = {isa = PBXBuildFile; fileRef = B93EF8D6289AFB720057C774 /* WordModuleBuilder.swift */; };
		B93EF8D9289AFFD30057C774 /* CloseButton.swift in Sources */ = {isa = PBXBuildFile; fileRef = B93EF8D8289AFFD30057C774 /* CloseButton.swift */; };
		B99B17522944CD2D002167DB /* Coordinator.swift in Sources */ = {isa = PBXBuildFile; fileRef = B99B17512944CD2D002167DB /* Coordinator.swift */; };
		B99B17542944CD66002167DB /* AppFlowCoordinator.swift in Sources */ = {isa = PBXBuildFile; fileRef = B99B17532944CD66002167DB /* AppFlowCoordinator.swift */; };
		B99B175A2944CEE7002167DB /* TabBarPage.swift in Sources */ = {isa = PBXBuildFile; fileRef = B99B17592944CEE7002167DB /* TabBarPage.swift */; };
		B99B175C2944CF07002167DB /* TabCoordinator.swift in Sources */ = {isa = PBXBuildFile; fileRef = B99B175B2944CF07002167DB /* TabCoordinator.swift */; };
		B9CC135B288738980013ED76 /* AppDelegate.swift in Sources */ = {isa = PBXBuildFile; fileRef = B9CC135A288738980013ED76 /* AppDelegate.swift */; };
		B9CC135D288738980013ED76 /* SceneDelegate.swift in Sources */ = {isa = PBXBuildFile; fileRef = B9CC135C288738980013ED76 /* SceneDelegate.swift */; };
		B9CC135F288738980013ED76 /* StartAppViewController.swift in Sources */ = {isa = PBXBuildFile; fileRef = B9CC135E288738980013ED76 /* StartAppViewController.swift */; };
		B9CC13642887389D0013ED76 /* Assets.xcassets in Resources */ = {isa = PBXBuildFile; fileRef = B9CC13632887389D0013ED76 /* Assets.xcassets */; };
		B9CC13672887389D0013ED76 /* LaunchScreen.storyboard in Resources */ = {isa = PBXBuildFile; fileRef = B9CC13652887389D0013ED76 /* LaunchScreen.storyboard */; };
		B9CC13722887389E0013ED76 /* CofioTests.swift in Sources */ = {isa = PBXBuildFile; fileRef = B9CC13712887389E0013ED76 /* CofioTests.swift */; };
		B9CC137C2887389E0013ED76 /* CofioUITests.swift in Sources */ = {isa = PBXBuildFile; fileRef = B9CC137B2887389E0013ED76 /* CofioUITests.swift */; };
		B9CC137E2887389E0013ED76 /* CofioUITestsLaunchTests.swift in Sources */ = {isa = PBXBuildFile; fileRef = B9CC137D2887389E0013ED76 /* CofioUITestsLaunchTests.swift */; };
		B9CC138D2889D7900013ED76 /* LanguageCell.swift in Sources */ = {isa = PBXBuildFile; fileRef = B9CC138C2889D7900013ED76 /* LanguageCell.swift */; };
		B9CC138F288B0AFD0013ED76 /* UITableView+Extension.swift in Sources */ = {isa = PBXBuildFile; fileRef = B9CC138E288B0AFD0013ED76 /* UITableView+Extension.swift */; };
		B9CC1391288B0B840013ED76 /* UITableViewCell+Extension.swift in Sources */ = {isa = PBXBuildFile; fileRef = B9CC1390288B0B840013ED76 /* UITableViewCell+Extension.swift */; };
		B9CC1394288B15F00013ED76 /* UIColor+Extension.swift in Sources */ = {isa = PBXBuildFile; fileRef = B9CC1393288B15F00013ED76 /* UIColor+Extension.swift */; };
		B9CC139B288EE6C20013ED76 /* StartAppPresenter.swift in Sources */ = {isa = PBXBuildFile; fileRef = B9CC139A288EE6C20013ED76 /* StartAppPresenter.swift */; };
		B9CC139D288EE6E90013ED76 /* StartAppInteractor.swift in Sources */ = {isa = PBXBuildFile; fileRef = B9CC139C288EE6E90013ED76 /* StartAppInteractor.swift */; };
		B9CC13A0288EE8C10013ED76 /* StartAppPresenterProtocol.swift in Sources */ = {isa = PBXBuildFile; fileRef = B9CC139F288EE8C10013ED76 /* StartAppPresenterProtocol.swift */; };
		B9CC13A2288EE98E0013ED76 /* StartAppInteractorProtocol.swift in Sources */ = {isa = PBXBuildFile; fileRef = B9CC13A1288EE98E0013ED76 /* StartAppInteractorProtocol.swift */; };
		B9CC13A4288EEAA70013ED76 /* StartAppViewProtocol.swift in Sources */ = {isa = PBXBuildFile; fileRef = B9CC13A3288EEAA70013ED76 /* StartAppViewProtocol.swift */; };
		B9CC13A6288EEC7A0013ED76 /* StartAppModuleBuilder.swift in Sources */ = {isa = PBXBuildFile; fileRef = B9CC13A5288EEC7A0013ED76 /* StartAppModuleBuilder.swift */; };
		B9CC13A8288EF56D0013ED76 /* FlowCoordinator.swift in Sources */ = {isa = PBXBuildFile; fileRef = B9CC13A7288EF56D0013ED76 /* FlowCoordinator.swift */; };
		B9CC13AB288EF6FF0013ED76 /* FlowCoordinatorProtocol.swift in Sources */ = {isa = PBXBuildFile; fileRef = B9CC13AA288EF6FF0013ED76 /* FlowCoordinatorProtocol.swift */; };
		B9CC13B1288F07BF0013ED76 /* NewLanguageViewController.swift in Sources */ = {isa = PBXBuildFile; fileRef = B9CC13B0288F07BF0013ED76 /* NewLanguageViewController.swift */; };
		B9CC13B3288F08040013ED76 /* NewLanguagePresenter.swift in Sources */ = {isa = PBXBuildFile; fileRef = B9CC13B2288F08040013ED76 /* NewLanguagePresenter.swift */; };
		B9CC13B5288F087A0013ED76 /* NewLanguageProtocol.swift in Sources */ = {isa = PBXBuildFile; fileRef = B9CC13B4288F087A0013ED76 /* NewLanguageProtocol.swift */; };
		B9CC13B7288F094A0013ED76 /* NewLanguageViewProtocol.swift in Sources */ = {isa = PBXBuildFile; fileRef = B9CC13B6288F094A0013ED76 /* NewLanguageViewProtocol.swift */; };
		B9CC13B9288F09D10013ED76 /* NewLanguageInteractor.swift in Sources */ = {isa = PBXBuildFile; fileRef = B9CC13B8288F09D10013ED76 /* NewLanguageInteractor.swift */; };
		B9CC13BB288F0A000013ED76 /* NewLanguageInteractorProtocol.swift in Sources */ = {isa = PBXBuildFile; fileRef = B9CC13BA288F0A000013ED76 /* NewLanguageInteractorProtocol.swift */; };
		B9CC13BD288F0AC90013ED76 /* NewLanguageModuleBuilder.swift in Sources */ = {isa = PBXBuildFile; fileRef = B9CC13BC288F0AC90013ED76 /* NewLanguageModuleBuilder.swift */; };
		B9CC13C0289069C90013ED76 /* CollectionsViewController.swift in Sources */ = {isa = PBXBuildFile; fileRef = B9CC13BF289069C90013ED76 /* CollectionsViewController.swift */; };
		B9CC13C228906A2F0013ED76 /* CollectionsViewProtocol.swift in Sources */ = {isa = PBXBuildFile; fileRef = B9CC13C128906A2F0013ED76 /* CollectionsViewProtocol.swift */; };
		B9CC13C728906A7C0013ED76 /* CollectionsPresenter.swift in Sources */ = {isa = PBXBuildFile; fileRef = B9CC13C628906A7C0013ED76 /* CollectionsPresenter.swift */; };
		B9CC13C928906ACC0013ED76 /* CollectionsPresenterProtocol.swift in Sources */ = {isa = PBXBuildFile; fileRef = B9CC13C828906ACC0013ED76 /* CollectionsPresenterProtocol.swift */; };
		B9CC13CB28906B040013ED76 /* CollectionsInteractor.swift in Sources */ = {isa = PBXBuildFile; fileRef = B9CC13CA28906B040013ED76 /* CollectionsInteractor.swift */; };
		B9CC13CD28906B310013ED76 /* CollectionsInteractorProtocol.swift in Sources */ = {isa = PBXBuildFile; fileRef = B9CC13CC28906B310013ED76 /* CollectionsInteractorProtocol.swift */; };
		B9CC13CF28906B6A0013ED76 /* CollectionsModuleBuilder.swift in Sources */ = {isa = PBXBuildFile; fileRef = B9CC13CE28906B6A0013ED76 /* CollectionsModuleBuilder.swift */; };
		B9CC13D3289070E70013ED76 /* TitleLabel.swift in Sources */ = {isa = PBXBuildFile; fileRef = B9CC13D2289070E70013ED76 /* TitleLabel.swift */; };
		B9CC13D52890720B0013ED76 /* SubtitleLabel.swift in Sources */ = {isa = PBXBuildFile; fileRef = B9CC13D42890720B0013ED76 /* SubtitleLabel.swift */; };
		B9CC13D9289195BF0013ED76 /* LanguagesForPicker.swift in Sources */ = {isa = PBXBuildFile; fileRef = B9CC13D8289195BF0013ED76 /* LanguagesForPicker.swift */; };
		B9CC13DB28919E0E0013ED76 /* LowerView.swift in Sources */ = {isa = PBXBuildFile; fileRef = B9CC13DA28919E0E0013ED76 /* LowerView.swift */; };
		B9CC13DD2891B9090013ED76 /* LanguageTextField.swift in Sources */ = {isa = PBXBuildFile; fileRef = B9CC13DC2891B9090013ED76 /* LanguageTextField.swift */; };
		B9CC13E12891D5C60013ED76 /* Language.swift in Sources */ = {isa = PBXBuildFile; fileRef = B9CC13E02891D5C60013ED76 /* Language.swift */; };
		B9CC13E32891D5F10013ED76 /* CardCollection.swift in Sources */ = {isa = PBXBuildFile; fileRef = B9CC13E22891D5F10013ED76 /* CardCollection.swift */; };
		B9CC13E52891D6380013ED76 /* Card.swift in Sources */ = {isa = PBXBuildFile; fileRef = B9CC13E42891D6380013ED76 /* Card.swift */; };
		B9CC13E72891D6510013ED76 /* Word.swift in Sources */ = {isa = PBXBuildFile; fileRef = B9CC13E62891D6510013ED76 /* Word.swift */; };
		B9CC13E92893084E0013ED76 /* LanguagesPickerView.swift in Sources */ = {isa = PBXBuildFile; fileRef = B9CC13E82893084E0013ED76 /* LanguagesPickerView.swift */; };
		B9CC13ED2893094D0013ED76 /* ImageProvider.swift in Sources */ = {isa = PBXBuildFile; fileRef = B9CC13EC2893094D0013ED76 /* ImageProvider.swift */; };
		B9CC13EF28930A8A0013ED76 /* InfoPickerModel.swift in Sources */ = {isa = PBXBuildFile; fileRef = B9CC13EE28930A8A0013ED76 /* InfoPickerModel.swift */; };
		B9CC13F1289310460013ED76 /* UIStackView+Extension.swift in Sources */ = {isa = PBXBuildFile; fileRef = B9CC13F0289310460013ED76 /* UIStackView+Extension.swift */; };
		B9CC13F32894506E0013ED76 /* LanguageTableViewDataSource.swift in Sources */ = {isa = PBXBuildFile; fileRef = B9CC13F22894506E0013ED76 /* LanguageTableViewDataSource.swift */; };
		B9CC13F52895287B0013ED76 /* AppText.swift in Sources */ = {isa = PBXBuildFile; fileRef = B9CC13F42895287B0013ED76 /* AppText.swift */; };
		B9CC13F728952B630013ED76 /* DymmyData.swift in Sources */ = {isa = PBXBuildFile; fileRef = B9CC13F628952B630013ED76 /* DymmyData.swift */; };
		B9CC140B2895C00C0013ED76 /* StatisticsCell.swift in Sources */ = {isa = PBXBuildFile; fileRef = B9CC140A2895C00C0013ED76 /* StatisticsCell.swift */; };
		B9CC140D2895C1100013ED76 /* CollectionCell.swift in Sources */ = {isa = PBXBuildFile; fileRef = B9CC140C2895C1100013ED76 /* CollectionCell.swift */; };
		B9CC140F2895C1E50013ED76 /* CollectionsTableViewDataSource.swift in Sources */ = {isa = PBXBuildFile; fileRef = B9CC140E2895C1E50013ED76 /* CollectionsTableViewDataSource.swift */; };
		B9CC14112895C2530013ED76 /* CollectionsCellsDataModel.swift in Sources */ = {isa = PBXBuildFile; fileRef = B9CC14102895C2530013ED76 /* CollectionsCellsDataModel.swift */; };
		B9CC1414289686140013ED76 /* CardsViewController.swift in Sources */ = {isa = PBXBuildFile; fileRef = B9CC1413289686140013ED76 /* CardsViewController.swift */; };
		B9CC141A2896878E0013ED76 /* CardsTableViewDataSource.swift in Sources */ = {isa = PBXBuildFile; fileRef = B9CC14192896878E0013ED76 /* CardsTableViewDataSource.swift */; };
		B9CC141E289688470013ED76 /* CardsCell.swift in Sources */ = {isa = PBXBuildFile; fileRef = B9CC141D289688470013ED76 /* CardsCell.swift */; };
/* End PBXBuildFile section */

/* Begin PBXContainerItemProxy section */
		B9CC136E2887389E0013ED76 /* PBXContainerItemProxy */ = {
			isa = PBXContainerItemProxy;
			containerPortal = B9CC134F288738980013ED76 /* Project object */;
			proxyType = 1;
			remoteGlobalIDString = B9CC1356288738980013ED76;
			remoteInfo = Cofio;
		};
		B9CC13782887389E0013ED76 /* PBXContainerItemProxy */ = {
			isa = PBXContainerItemProxy;
			containerPortal = B9CC134F288738980013ED76 /* Project object */;
			proxyType = 1;
			remoteGlobalIDString = B9CC1356288738980013ED76;
			remoteInfo = Cofio;
		};
/* End PBXContainerItemProxy section */

/* Begin PBXFileReference section */
		B910AB3B2945E42400D9E7EA /* SettingsViewController.swift */ = {isa = PBXFileReference; lastKnownFileType = sourcecode.swift; path = SettingsViewController.swift; sourceTree = "<group>"; };
		B910AB3F2945E51900D9E7EA /* StatisticsViewController.swift */ = {isa = PBXFileReference; lastKnownFileType = sourcecode.swift; path = StatisticsViewController.swift; sourceTree = "<group>"; };
		B932E943289C402A007244E6 /* DoneButton.swift */ = {isa = PBXFileReference; lastKnownFileType = sourcecode.swift; path = DoneButton.swift; sourceTree = "<group>"; };
		B932E945289DB069007244E6 /* HeaderCell.swift */ = {isa = PBXFileReference; lastKnownFileType = sourcecode.swift; path = HeaderCell.swift; sourceTree = "<group>"; };
		B932E947289DB365007244E6 /* StartAppCellViewModel.swift */ = {isa = PBXFileReference; lastKnownFileType = sourcecode.swift; path = StartAppCellViewModel.swift; sourceTree = "<group>"; };
		B932E949289DBD95007244E6 /* HorizontalProgressBar.swift */ = {isa = PBXFileReference; lastKnownFileType = sourcecode.swift; path = HorizontalProgressBar.swift; sourceTree = "<group>"; };
		B932E94B28A00499007244E6 /* WordTextView.swift */ = {isa = PBXFileReference; lastKnownFileType = sourcecode.swift; path = WordTextView.swift; sourceTree = "<group>"; };
		B932E95128ABF9DC007244E6 /* RepetitionViewController.swift */ = {isa = PBXFileReference; lastKnownFileType = sourcecode.swift; path = RepetitionViewController.swift; sourceTree = "<group>"; };
		B932E95328ABFA1E007244E6 /* RepetitionViewProtocol.swift */ = {isa = PBXFileReference; lastKnownFileType = sourcecode.swift; path = RepetitionViewProtocol.swift; sourceTree = "<group>"; };
		B932E95528ABFA5F007244E6 /* RepetitionPresenter.swift */ = {isa = PBXFileReference; lastKnownFileType = sourcecode.swift; path = RepetitionPresenter.swift; sourceTree = "<group>"; };
		B932E95728ABFA98007244E6 /* RepetitionPresenterProtocol.swift */ = {isa = PBXFileReference; lastKnownFileType = sourcecode.swift; path = RepetitionPresenterProtocol.swift; sourceTree = "<group>"; };
		B932E95928ABFADF007244E6 /* RepetitonInteractor.swift */ = {isa = PBXFileReference; lastKnownFileType = sourcecode.swift; path = RepetitonInteractor.swift; sourceTree = "<group>"; };
		B932E95B28ABFB51007244E6 /* RepetitionInteractorProtocol.swift */ = {isa = PBXFileReference; lastKnownFileType = sourcecode.swift; path = RepetitionInteractorProtocol.swift; sourceTree = "<group>"; };
		B932E95D28ABFBC4007244E6 /* RepetitionModuleBuilder.swift */ = {isa = PBXFileReference; lastKnownFileType = sourcecode.swift; path = RepetitionModuleBuilder.swift; sourceTree = "<group>"; };
		B932E96028AC032B007244E6 /* RepetitionCell.swift */ = {isa = PBXFileReference; lastKnownFileType = sourcecode.swift; path = RepetitionCell.swift; sourceTree = "<group>"; };
		B932E96228AC06AD007244E6 /* RepetitionCellDataModel.swift */ = {isa = PBXFileReference; lastKnownFileType = sourcecode.swift; path = RepetitionCellDataModel.swift; sourceTree = "<group>"; };
		B932E96428AC06F4007244E6 /* RepetitionTableViewDataSource.swift */ = {isa = PBXFileReference; lastKnownFileType = sourcecode.swift; path = RepetitionTableViewDataSource.swift; sourceTree = "<group>"; };
		B932E96A28B7F960007244E6 /* CardsRepetitionViewController.swift */ = {isa = PBXFileReference; lastKnownFileType = sourcecode.swift; path = CardsRepetitionViewController.swift; sourceTree = "<group>"; };
		B932E96E28B7FA0E007244E6 /* CardsRepetitionPresenter.swift */ = {isa = PBXFileReference; lastKnownFileType = sourcecode.swift; path = CardsRepetitionPresenter.swift; sourceTree = "<group>"; };
		B932E97028B7FA58007244E6 /* CardsRepetitionProtocol.swift */ = {isa = PBXFileReference; lastKnownFileType = sourcecode.swift; path = CardsRepetitionProtocol.swift; sourceTree = "<group>"; };
		B932E97228B7FAA5007244E6 /* CardsRepetitionInteractor.swift */ = {isa = PBXFileReference; lastKnownFileType = sourcecode.swift; path = CardsRepetitionInteractor.swift; sourceTree = "<group>"; };
		B932E97428B7FAD0007244E6 /* CardsRepetitionInteractorProtocol.swift */ = {isa = PBXFileReference; lastKnownFileType = sourcecode.swift; path = CardsRepetitionInteractorProtocol.swift; sourceTree = "<group>"; };
		B932E97628B7FB5B007244E6 /* CardsRepetitionModuleBuilder.swift */ = {isa = PBXFileReference; lastKnownFileType = sourcecode.swift; path = CardsRepetitionModuleBuilder.swift; sourceTree = "<group>"; };
		B932E97828B7FC29007244E6 /* CardsRepetitionViewProtocol.swift */ = {isa = PBXFileReference; lastKnownFileType = sourcecode.swift; path = CardsRepetitionViewProtocol.swift; sourceTree = "<group>"; };
		B93EF8B328968A8F0057C774 /* CardsViewProtocol.swift */ = {isa = PBXFileReference; lastKnownFileType = sourcecode.swift; path = CardsViewProtocol.swift; sourceTree = "<group>"; };
		B93EF8B528968B150057C774 /* CardCellDataModel.swift */ = {isa = PBXFileReference; lastKnownFileType = sourcecode.swift; path = CardCellDataModel.swift; sourceTree = "<group>"; };
		B93EF8B728968D210057C774 /* CardsPresenter.swift */ = {isa = PBXFileReference; lastKnownFileType = sourcecode.swift; path = CardsPresenter.swift; sourceTree = "<group>"; };
		B93EF8B928968D950057C774 /* CardsPresenterProtocol.swift */ = {isa = PBXFileReference; lastKnownFileType = sourcecode.swift; path = CardsPresenterProtocol.swift; sourceTree = "<group>"; };
		B93EF8BD28968E320057C774 /* CardsInteractor.swift */ = {isa = PBXFileReference; lastKnownFileType = sourcecode.swift; path = CardsInteractor.swift; sourceTree = "<group>"; };
		B93EF8BF28968E690057C774 /* CardsInteractorProtocol.swift */ = {isa = PBXFileReference; lastKnownFileType = sourcecode.swift; path = CardsInteractorProtocol.swift; sourceTree = "<group>"; };
		B93EF8C128968F310057C774 /* CardsModuleBuilder.swift */ = {isa = PBXFileReference; lastKnownFileType = sourcecode.swift; path = CardsModuleBuilder.swift; sourceTree = "<group>"; };
		B93EF8C328970C4C0057C774 /* FadeView.swift */ = {isa = PBXFileReference; lastKnownFileType = sourcecode.swift; path = FadeView.swift; sourceTree = "<group>"; };
		B93EF8CA289AF9910057C774 /* WordViewController.swift */ = {isa = PBXFileReference; lastKnownFileType = sourcecode.swift; path = WordViewController.swift; sourceTree = "<group>"; };
		B93EF8CC289AF9B60057C774 /* WordViewProtocol.swift */ = {isa = PBXFileReference; lastKnownFileType = sourcecode.swift; path = WordViewProtocol.swift; sourceTree = "<group>"; };
		B93EF8CE289AFAB00057C774 /* WordPresenter.swift */ = {isa = PBXFileReference; lastKnownFileType = sourcecode.swift; path = WordPresenter.swift; sourceTree = "<group>"; };
		B93EF8D0289AFADC0057C774 /* WordPresenterProtocol.swift */ = {isa = PBXFileReference; lastKnownFileType = sourcecode.swift; path = WordPresenterProtocol.swift; sourceTree = "<group>"; };
		B93EF8D2289AFB060057C774 /* WordInteractor.swift */ = {isa = PBXFileReference; lastKnownFileType = sourcecode.swift; path = WordInteractor.swift; sourceTree = "<group>"; };
		B93EF8D4289AFB2A0057C774 /* WordInteractorProtocol.swift */ = {isa = PBXFileReference; lastKnownFileType = sourcecode.swift; path = WordInteractorProtocol.swift; sourceTree = "<group>"; };
		B93EF8D6289AFB720057C774 /* WordModuleBuilder.swift */ = {isa = PBXFileReference; lastKnownFileType = sourcecode.swift; path = WordModuleBuilder.swift; sourceTree = "<group>"; };
		B93EF8D8289AFFD30057C774 /* CloseButton.swift */ = {isa = PBXFileReference; lastKnownFileType = sourcecode.swift; path = CloseButton.swift; sourceTree = "<group>"; };
		B99B17512944CD2D002167DB /* Coordinator.swift */ = {isa = PBXFileReference; lastKnownFileType = sourcecode.swift; path = Coordinator.swift; sourceTree = "<group>"; };
		B99B17532944CD66002167DB /* AppFlowCoordinator.swift */ = {isa = PBXFileReference; lastKnownFileType = sourcecode.swift; path = AppFlowCoordinator.swift; sourceTree = "<group>"; };
		B99B17592944CEE7002167DB /* TabBarPage.swift */ = {isa = PBXFileReference; lastKnownFileType = sourcecode.swift; path = TabBarPage.swift; sourceTree = "<group>"; };
		B99B175B2944CF07002167DB /* TabCoordinator.swift */ = {isa = PBXFileReference; lastKnownFileType = sourcecode.swift; path = TabCoordinator.swift; sourceTree = "<group>"; };
		B9CC1357288738980013ED76 /* Cofio.app */ = {isa = PBXFileReference; explicitFileType = wrapper.application; includeInIndex = 0; path = Cofio.app; sourceTree = BUILT_PRODUCTS_DIR; };
		B9CC135A288738980013ED76 /* AppDelegate.swift */ = {isa = PBXFileReference; lastKnownFileType = sourcecode.swift; path = AppDelegate.swift; sourceTree = "<group>"; };
		B9CC135C288738980013ED76 /* SceneDelegate.swift */ = {isa = PBXFileReference; lastKnownFileType = sourcecode.swift; path = SceneDelegate.swift; sourceTree = "<group>"; };
		B9CC135E288738980013ED76 /* StartAppViewController.swift */ = {isa = PBXFileReference; lastKnownFileType = sourcecode.swift; path = StartAppViewController.swift; sourceTree = "<group>"; };
		B9CC13632887389D0013ED76 /* Assets.xcassets */ = {isa = PBXFileReference; lastKnownFileType = folder.assetcatalog; path = Assets.xcassets; sourceTree = "<group>"; };
		B9CC13662887389D0013ED76 /* Base */ = {isa = PBXFileReference; lastKnownFileType = file.storyboard; name = Base; path = Base.lproj/LaunchScreen.storyboard; sourceTree = "<group>"; };
		B9CC13682887389D0013ED76 /* Info.plist */ = {isa = PBXFileReference; lastKnownFileType = text.plist.xml; path = Info.plist; sourceTree = "<group>"; };
		B9CC136D2887389E0013ED76 /* CofioTests.xctest */ = {isa = PBXFileReference; explicitFileType = wrapper.cfbundle; includeInIndex = 0; path = CofioTests.xctest; sourceTree = BUILT_PRODUCTS_DIR; };
		B9CC13712887389E0013ED76 /* CofioTests.swift */ = {isa = PBXFileReference; lastKnownFileType = sourcecode.swift; path = CofioTests.swift; sourceTree = "<group>"; };
		B9CC13772887389E0013ED76 /* CofioUITests.xctest */ = {isa = PBXFileReference; explicitFileType = wrapper.cfbundle; includeInIndex = 0; path = CofioUITests.xctest; sourceTree = BUILT_PRODUCTS_DIR; };
		B9CC137B2887389E0013ED76 /* CofioUITests.swift */ = {isa = PBXFileReference; lastKnownFileType = sourcecode.swift; path = CofioUITests.swift; sourceTree = "<group>"; };
		B9CC137D2887389E0013ED76 /* CofioUITestsLaunchTests.swift */ = {isa = PBXFileReference; lastKnownFileType = sourcecode.swift; path = CofioUITestsLaunchTests.swift; sourceTree = "<group>"; };
		B9CC138C2889D7900013ED76 /* LanguageCell.swift */ = {isa = PBXFileReference; lastKnownFileType = sourcecode.swift; path = LanguageCell.swift; sourceTree = "<group>"; };
		B9CC138E288B0AFD0013ED76 /* UITableView+Extension.swift */ = {isa = PBXFileReference; lastKnownFileType = sourcecode.swift; path = "UITableView+Extension.swift"; sourceTree = "<group>"; };
		B9CC1390288B0B840013ED76 /* UITableViewCell+Extension.swift */ = {isa = PBXFileReference; lastKnownFileType = sourcecode.swift; path = "UITableViewCell+Extension.swift"; sourceTree = "<group>"; };
		B9CC1393288B15F00013ED76 /* UIColor+Extension.swift */ = {isa = PBXFileReference; lastKnownFileType = sourcecode.swift; path = "UIColor+Extension.swift"; sourceTree = "<group>"; };
		B9CC139A288EE6C20013ED76 /* StartAppPresenter.swift */ = {isa = PBXFileReference; lastKnownFileType = sourcecode.swift; path = StartAppPresenter.swift; sourceTree = "<group>"; };
		B9CC139C288EE6E90013ED76 /* StartAppInteractor.swift */ = {isa = PBXFileReference; lastKnownFileType = sourcecode.swift; path = StartAppInteractor.swift; sourceTree = "<group>"; };
		B9CC139F288EE8C10013ED76 /* StartAppPresenterProtocol.swift */ = {isa = PBXFileReference; lastKnownFileType = sourcecode.swift; path = StartAppPresenterProtocol.swift; sourceTree = "<group>"; };
		B9CC13A1288EE98E0013ED76 /* StartAppInteractorProtocol.swift */ = {isa = PBXFileReference; lastKnownFileType = sourcecode.swift; path = StartAppInteractorProtocol.swift; sourceTree = "<group>"; };
		B9CC13A3288EEAA70013ED76 /* StartAppViewProtocol.swift */ = {isa = PBXFileReference; lastKnownFileType = sourcecode.swift; path = StartAppViewProtocol.swift; sourceTree = "<group>"; };
		B9CC13A5288EEC7A0013ED76 /* StartAppModuleBuilder.swift */ = {isa = PBXFileReference; lastKnownFileType = sourcecode.swift; path = StartAppModuleBuilder.swift; sourceTree = "<group>"; };
		B9CC13A7288EF56D0013ED76 /* FlowCoordinator.swift */ = {isa = PBXFileReference; lastKnownFileType = sourcecode.swift; path = FlowCoordinator.swift; sourceTree = "<group>"; };
		B9CC13AA288EF6FF0013ED76 /* FlowCoordinatorProtocol.swift */ = {isa = PBXFileReference; lastKnownFileType = sourcecode.swift; path = FlowCoordinatorProtocol.swift; sourceTree = "<group>"; };
		B9CC13B0288F07BF0013ED76 /* NewLanguageViewController.swift */ = {isa = PBXFileReference; lastKnownFileType = sourcecode.swift; path = NewLanguageViewController.swift; sourceTree = "<group>"; };
		B9CC13B2288F08040013ED76 /* NewLanguagePresenter.swift */ = {isa = PBXFileReference; lastKnownFileType = sourcecode.swift; path = NewLanguagePresenter.swift; sourceTree = "<group>"; };
		B9CC13B4288F087A0013ED76 /* NewLanguageProtocol.swift */ = {isa = PBXFileReference; lastKnownFileType = sourcecode.swift; path = NewLanguageProtocol.swift; sourceTree = "<group>"; };
		B9CC13B6288F094A0013ED76 /* NewLanguageViewProtocol.swift */ = {isa = PBXFileReference; lastKnownFileType = sourcecode.swift; path = NewLanguageViewProtocol.swift; sourceTree = "<group>"; };
		B9CC13B8288F09D10013ED76 /* NewLanguageInteractor.swift */ = {isa = PBXFileReference; lastKnownFileType = sourcecode.swift; path = NewLanguageInteractor.swift; sourceTree = "<group>"; };
		B9CC13BA288F0A000013ED76 /* NewLanguageInteractorProtocol.swift */ = {isa = PBXFileReference; lastKnownFileType = sourcecode.swift; path = NewLanguageInteractorProtocol.swift; sourceTree = "<group>"; };
		B9CC13BC288F0AC90013ED76 /* NewLanguageModuleBuilder.swift */ = {isa = PBXFileReference; lastKnownFileType = sourcecode.swift; path = NewLanguageModuleBuilder.swift; sourceTree = "<group>"; };
		B9CC13BF289069C90013ED76 /* CollectionsViewController.swift */ = {isa = PBXFileReference; lastKnownFileType = sourcecode.swift; path = CollectionsViewController.swift; sourceTree = "<group>"; };
		B9CC13C128906A2F0013ED76 /* CollectionsViewProtocol.swift */ = {isa = PBXFileReference; lastKnownFileType = sourcecode.swift; path = CollectionsViewProtocol.swift; sourceTree = "<group>"; };
		B9CC13C628906A7C0013ED76 /* CollectionsPresenter.swift */ = {isa = PBXFileReference; lastKnownFileType = sourcecode.swift; path = CollectionsPresenter.swift; sourceTree = "<group>"; };
		B9CC13C828906ACC0013ED76 /* CollectionsPresenterProtocol.swift */ = {isa = PBXFileReference; lastKnownFileType = sourcecode.swift; path = CollectionsPresenterProtocol.swift; sourceTree = "<group>"; };
		B9CC13CA28906B040013ED76 /* CollectionsInteractor.swift */ = {isa = PBXFileReference; lastKnownFileType = sourcecode.swift; path = CollectionsInteractor.swift; sourceTree = "<group>"; };
		B9CC13CC28906B310013ED76 /* CollectionsInteractorProtocol.swift */ = {isa = PBXFileReference; lastKnownFileType = sourcecode.swift; path = CollectionsInteractorProtocol.swift; sourceTree = "<group>"; };
		B9CC13CE28906B6A0013ED76 /* CollectionsModuleBuilder.swift */ = {isa = PBXFileReference; lastKnownFileType = sourcecode.swift; path = CollectionsModuleBuilder.swift; sourceTree = "<group>"; };
		B9CC13D2289070E70013ED76 /* TitleLabel.swift */ = {isa = PBXFileReference; lastKnownFileType = sourcecode.swift; path = TitleLabel.swift; sourceTree = "<group>"; };
		B9CC13D42890720B0013ED76 /* SubtitleLabel.swift */ = {isa = PBXFileReference; lastKnownFileType = sourcecode.swift; path = SubtitleLabel.swift; sourceTree = "<group>"; };
		B9CC13D8289195BF0013ED76 /* LanguagesForPicker.swift */ = {isa = PBXFileReference; lastKnownFileType = sourcecode.swift; path = LanguagesForPicker.swift; sourceTree = "<group>"; };
		B9CC13DA28919E0E0013ED76 /* LowerView.swift */ = {isa = PBXFileReference; lastKnownFileType = sourcecode.swift; path = LowerView.swift; sourceTree = "<group>"; };
		B9CC13DC2891B9090013ED76 /* LanguageTextField.swift */ = {isa = PBXFileReference; lastKnownFileType = sourcecode.swift; path = LanguageTextField.swift; sourceTree = "<group>"; };
		B9CC13E02891D5C60013ED76 /* Language.swift */ = {isa = PBXFileReference; lastKnownFileType = sourcecode.swift; path = Language.swift; sourceTree = "<group>"; };
		B9CC13E22891D5F10013ED76 /* CardCollection.swift */ = {isa = PBXFileReference; lastKnownFileType = sourcecode.swift; path = CardCollection.swift; sourceTree = "<group>"; };
		B9CC13E42891D6380013ED76 /* Card.swift */ = {isa = PBXFileReference; lastKnownFileType = sourcecode.swift; path = Card.swift; sourceTree = "<group>"; };
		B9CC13E62891D6510013ED76 /* Word.swift */ = {isa = PBXFileReference; lastKnownFileType = sourcecode.swift; path = Word.swift; sourceTree = "<group>"; };
		B9CC13E82893084E0013ED76 /* LanguagesPickerView.swift */ = {isa = PBXFileReference; lastKnownFileType = sourcecode.swift; path = LanguagesPickerView.swift; sourceTree = "<group>"; };
		B9CC13EC2893094D0013ED76 /* ImageProvider.swift */ = {isa = PBXFileReference; lastKnownFileType = sourcecode.swift; path = ImageProvider.swift; sourceTree = "<group>"; };
		B9CC13EE28930A8A0013ED76 /* InfoPickerModel.swift */ = {isa = PBXFileReference; lastKnownFileType = sourcecode.swift; path = InfoPickerModel.swift; sourceTree = "<group>"; };
		B9CC13F0289310460013ED76 /* UIStackView+Extension.swift */ = {isa = PBXFileReference; lastKnownFileType = sourcecode.swift; path = "UIStackView+Extension.swift"; sourceTree = "<group>"; };
		B9CC13F22894506E0013ED76 /* LanguageTableViewDataSource.swift */ = {isa = PBXFileReference; lastKnownFileType = sourcecode.swift; path = LanguageTableViewDataSource.swift; sourceTree = "<group>"; };
		B9CC13F42895287B0013ED76 /* AppText.swift */ = {isa = PBXFileReference; lastKnownFileType = sourcecode.swift; path = AppText.swift; sourceTree = "<group>"; };
		B9CC13F628952B630013ED76 /* DymmyData.swift */ = {isa = PBXFileReference; lastKnownFileType = sourcecode.swift; path = DymmyData.swift; sourceTree = "<group>"; };
		B9CC140A2895C00C0013ED76 /* StatisticsCell.swift */ = {isa = PBXFileReference; lastKnownFileType = sourcecode.swift; path = StatisticsCell.swift; sourceTree = "<group>"; };
		B9CC140C2895C1100013ED76 /* CollectionCell.swift */ = {isa = PBXFileReference; lastKnownFileType = sourcecode.swift; path = CollectionCell.swift; sourceTree = "<group>"; };
		B9CC140E2895C1E50013ED76 /* CollectionsTableViewDataSource.swift */ = {isa = PBXFileReference; lastKnownFileType = sourcecode.swift; path = CollectionsTableViewDataSource.swift; sourceTree = "<group>"; };
		B9CC14102895C2530013ED76 /* CollectionsCellsDataModel.swift */ = {isa = PBXFileReference; lastKnownFileType = sourcecode.swift; path = CollectionsCellsDataModel.swift; sourceTree = "<group>"; };
		B9CC1413289686140013ED76 /* CardsViewController.swift */ = {isa = PBXFileReference; lastKnownFileType = sourcecode.swift; path = CardsViewController.swift; sourceTree = "<group>"; };
		B9CC14192896878E0013ED76 /* CardsTableViewDataSource.swift */ = {isa = PBXFileReference; lastKnownFileType = sourcecode.swift; path = CardsTableViewDataSource.swift; sourceTree = "<group>"; };
		B9CC141D289688470013ED76 /* CardsCell.swift */ = {isa = PBXFileReference; lastKnownFileType = sourcecode.swift; path = CardsCell.swift; sourceTree = "<group>"; };
/* End PBXFileReference section */

/* Begin PBXFrameworksBuildPhase section */
		B9CC1354288738980013ED76 /* Frameworks */ = {
			isa = PBXFrameworksBuildPhase;
			buildActionMask = 2147483647;
			files = (
			);
			runOnlyForDeploymentPostprocessing = 0;
		};
		B9CC136A2887389E0013ED76 /* Frameworks */ = {
			isa = PBXFrameworksBuildPhase;
			buildActionMask = 2147483647;
			files = (
			);
			runOnlyForDeploymentPostprocessing = 0;
		};
		B9CC13742887389E0013ED76 /* Frameworks */ = {
			isa = PBXFrameworksBuildPhase;
			buildActionMask = 2147483647;
			files = (
			);
			runOnlyForDeploymentPostprocessing = 0;
		};
/* End PBXFrameworksBuildPhase section */

/* Begin PBXGroup section */
		B910AB392945E3EF00D9E7EA /* SettingsModule */ = {
			isa = PBXGroup;
			children = (
				B910AB3D2945E4F700D9E7EA /* StatisticsModule */,
				B910AB3A2945E40E00D9E7EA /* View */,
			);
			path = SettingsModule;
			sourceTree = "<group>";
		};
		B910AB3A2945E40E00D9E7EA /* View */ = {
			isa = PBXGroup;
			children = (
				B910AB3B2945E42400D9E7EA /* SettingsViewController.swift */,
			);
			path = View;
			sourceTree = "<group>";
		};
		B910AB3D2945E4F700D9E7EA /* StatisticsModule */ = {
			isa = PBXGroup;
			children = (
				B910AB3E2945E50900D9E7EA /* VIew */,
			);
			path = StatisticsModule;
			sourceTree = "<group>";
		};
		B910AB3E2945E50900D9E7EA /* VIew */ = {
			isa = PBXGroup;
			children = (
				B910AB3F2945E51900D9E7EA /* StatisticsViewController.swift */,
			);
			path = VIew;
			sourceTree = "<group>";
		};
		B932E94D28ABF972007244E6 /* RepetitionScreen */ = {
			isa = PBXGroup;
			children = (
				B932E95D28ABFBC4007244E6 /* RepetitionModuleBuilder.swift */,
				B932E95028ABF9B1007244E6 /* Interactor */,
				B932E94F28ABF9AB007244E6 /* Presenter */,
				B932E94E28ABF9A6007244E6 /* View */,
			);
			path = RepetitionScreen;
			sourceTree = "<group>";
		};
		B932E94E28ABF9A6007244E6 /* View */ = {
			isa = PBXGroup;
			children = (
				B932E95128ABF9DC007244E6 /* RepetitionViewController.swift */,
				B932E95328ABFA1E007244E6 /* RepetitionViewProtocol.swift */,
				B932E96228AC06AD007244E6 /* RepetitionCellDataModel.swift */,
				B932E96428AC06F4007244E6 /* RepetitionTableViewDataSource.swift */,
				B932E95F28AC030E007244E6 /* Cell */,
			);
			path = View;
			sourceTree = "<group>";
		};
		B932E94F28ABF9AB007244E6 /* Presenter */ = {
			isa = PBXGroup;
			children = (
				B932E95528ABFA5F007244E6 /* RepetitionPresenter.swift */,
				B932E95728ABFA98007244E6 /* RepetitionPresenterProtocol.swift */,
			);
			path = Presenter;
			sourceTree = "<group>";
		};
		B932E95028ABF9B1007244E6 /* Interactor */ = {
			isa = PBXGroup;
			children = (
				B932E95928ABFADF007244E6 /* RepetitonInteractor.swift */,
				B932E95B28ABFB51007244E6 /* RepetitionInteractorProtocol.swift */,
			);
			path = Interactor;
			sourceTree = "<group>";
		};
		B932E95F28AC030E007244E6 /* Cell */ = {
			isa = PBXGroup;
			children = (
				B932E96028AC032B007244E6 /* RepetitionCell.swift */,
			);
			path = Cell;
			sourceTree = "<group>";
		};
		B932E96628B7F90D007244E6 /* CardsRepetition */ = {
			isa = PBXGroup;
			children = (
				B932E97628B7FB5B007244E6 /* CardsRepetitionModuleBuilder.swift */,
				B932E96928B7F93A007244E6 /* Interactor */,
				B932E96828B7F935007244E6 /* Presenter */,
				B932E96728B7F930007244E6 /* View */,
			);
			path = CardsRepetition;
			sourceTree = "<group>";
		};
		B932E96728B7F930007244E6 /* View */ = {
			isa = PBXGroup;
			children = (
				B932E96A28B7F960007244E6 /* CardsRepetitionViewController.swift */,
				B932E97828B7FC29007244E6 /* CardsRepetitionViewProtocol.swift */,
			);
			path = View;
			sourceTree = "<group>";
		};
		B932E96828B7F935007244E6 /* Presenter */ = {
			isa = PBXGroup;
			children = (
				B932E96E28B7FA0E007244E6 /* CardsRepetitionPresenter.swift */,
				B932E97028B7FA58007244E6 /* CardsRepetitionProtocol.swift */,
			);
			path = Presenter;
			sourceTree = "<group>";
		};
		B932E96928B7F93A007244E6 /* Interactor */ = {
			isa = PBXGroup;
			children = (
				B932E97228B7FAA5007244E6 /* CardsRepetitionInteractor.swift */,
				B932E97428B7FAD0007244E6 /* CardsRepetitionInteractorProtocol.swift */,
			);
			path = Interactor;
			sourceTree = "<group>";
		};
		B93EF8BB28968E120057C774 /* Presenter */ = {
			isa = PBXGroup;
			children = (
				B93EF8B728968D210057C774 /* CardsPresenter.swift */,
				B93EF8B928968D950057C774 /* CardsPresenterProtocol.swift */,
			);
			path = Presenter;
			sourceTree = "<group>";
		};
		B93EF8BC28968E1C0057C774 /* Interactor */ = {
			isa = PBXGroup;
			children = (
				B93EF8BD28968E320057C774 /* CardsInteractor.swift */,
				B93EF8BF28968E690057C774 /* CardsInteractorProtocol.swift */,
			);
			path = Interactor;
			sourceTree = "<group>";
		};
		B93EF8C5289AF9190057C774 /* Word */ = {
			isa = PBXGroup;
			children = (
				B93EF8D6289AFB720057C774 /* WordModuleBuilder.swift */,
				B93EF8C8289AF9410057C774 /* Interactor */,
				B93EF8C7289AF93B0057C774 /* Presenter */,
				B93EF8C6289AF9360057C774 /* View */,
			);
			path = Word;
			sourceTree = "<group>";
		};
		B93EF8C6289AF9360057C774 /* View */ = {
			isa = PBXGroup;
			children = (
				B93EF8CA289AF9910057C774 /* WordViewController.swift */,
				B93EF8CC289AF9B60057C774 /* WordViewProtocol.swift */,
			);
			path = View;
			sourceTree = "<group>";
		};
		B93EF8C7289AF93B0057C774 /* Presenter */ = {
			isa = PBXGroup;
			children = (
				B93EF8CE289AFAB00057C774 /* WordPresenter.swift */,
				B93EF8D0289AFADC0057C774 /* WordPresenterProtocol.swift */,
			);
			path = Presenter;
			sourceTree = "<group>";
		};
		B93EF8C8289AF9410057C774 /* Interactor */ = {
			isa = PBXGroup;
			children = (
				B93EF8D2289AFB060057C774 /* WordInteractor.swift */,
				B93EF8D4289AFB2A0057C774 /* WordInteractorProtocol.swift */,
			);
			path = Interactor;
			sourceTree = "<group>";
		};
		B99B17502944CD15002167DB /* Coord */ = {
			isa = PBXGroup;
			children = (
			);
			path = Coord;
			sourceTree = "<group>";
		};
		B99B176329450BA4002167DB /* AppFlowCoordinator */ = {
			isa = PBXGroup;
			children = (
				B99B17512944CD2D002167DB /* Coordinator.swift */,
				B99B17532944CD66002167DB /* AppFlowCoordinator.swift */,
			);
			path = AppFlowCoordinator;
			sourceTree = "<group>";
		};
		B99B176429450C47002167DB /* TabbarFlowCoordinator */ = {
			isa = PBXGroup;
			children = (
				B99B175B2944CF07002167DB /* TabCoordinator.swift */,
				B99B17592944CEE7002167DB /* TabBarPage.swift */,
			);
			path = TabbarFlowCoordinator;
			sourceTree = "<group>";
		};
		B9CC134E288738970013ED76 = {
			isa = PBXGroup;
			children = (
				B9CC1359288738980013ED76 /* Cofio */,
				B9CC13702887389E0013ED76 /* CofioTests */,
				B9CC137A2887389E0013ED76 /* CofioUITests */,
				B9CC1358288738980013ED76 /* Products */,
			);
			sourceTree = "<group>";
		};
		B9CC1358288738980013ED76 /* Products */ = {
			isa = PBXGroup;
			children = (
				B9CC1357288738980013ED76 /* Cofio.app */,
				B9CC136D2887389E0013ED76 /* CofioTests.xctest */,
				B9CC13772887389E0013ED76 /* CofioUITests.xctest */,
			);
			name = Products;
			sourceTree = "<group>";
		};
		B9CC1359288738980013ED76 /* Cofio */ = {
			isa = PBXGroup;
			children = (
				B99B17502944CD15002167DB /* Coord */,
				B9CC135A288738980013ED76 /* AppDelegate.swift */,
				B9CC135C288738980013ED76 /* SceneDelegate.swift */,
				B9CC13A9288EF6E40013ED76 /* Flow */,
				B9CC13DE2891D5730013ED76 /* Modules */,
				B9CC13DF2891D5A50013ED76 /* Models */,
				B9CC13EB289309390013ED76 /* Services */,
				B9CC1392288B0C560013ED76 /* Extensions */,
				B9CC13D1289070700013ED76 /* Resources */,
				B9CC13682887389D0013ED76 /* Info.plist */,
				B9CC13F628952B630013ED76 /* DymmyData.swift */,
			);
			path = Cofio;
			sourceTree = "<group>";
		};
		B9CC13702887389E0013ED76 /* CofioTests */ = {
			isa = PBXGroup;
			children = (
				B9CC13712887389E0013ED76 /* CofioTests.swift */,
			);
			path = CofioTests;
			sourceTree = "<group>";
		};
		B9CC137A2887389E0013ED76 /* CofioUITests */ = {
			isa = PBXGroup;
			children = (
				B9CC137B2887389E0013ED76 /* CofioUITests.swift */,
				B9CC137D2887389E0013ED76 /* CofioUITestsLaunchTests.swift */,
			);
			path = CofioUITests;
			sourceTree = "<group>";
		};
		B9CC1392288B0C560013ED76 /* Extensions */ = {
			isa = PBXGroup;
			children = (
				B9CC138E288B0AFD0013ED76 /* UITableView+Extension.swift */,
				B9CC1390288B0B840013ED76 /* UITableViewCell+Extension.swift */,
				B9CC1393288B15F00013ED76 /* UIColor+Extension.swift */,
				B9CC13F0289310460013ED76 /* UIStackView+Extension.swift */,
			);
			path = Extensions;
			sourceTree = "<group>";
		};
		B9CC1395288D76E60013ED76 /* StartScreen */ = {
			isa = PBXGroup;
			children = (
				B9CC13A5288EEC7A0013ED76 /* StartAppModuleBuilder.swift */,
				B9CC1399288EE6640013ED76 /* Interactor */,
				B9CC1398288EE65D0013ED76 /* Presenter */,
				B9CC1396288EE6320013ED76 /* ViewController */,
			);
			path = StartScreen;
			sourceTree = "<group>";
		};
		B9CC1396288EE6320013ED76 /* ViewController */ = {
			isa = PBXGroup;
			children = (
				B9CC135E288738980013ED76 /* StartAppViewController.swift */,
				B9CC13A3288EEAA70013ED76 /* StartAppViewProtocol.swift */,
				B9CC13F22894506E0013ED76 /* LanguageTableViewDataSource.swift */,
				B932E947289DB365007244E6 /* StartAppCellViewModel.swift */,
				B9CC1397288EE6420013ED76 /* Cells */,
			);
			path = ViewController;
			sourceTree = "<group>";
		};
		B9CC1397288EE6420013ED76 /* Cells */ = {
			isa = PBXGroup;
			children = (
				B9CC138C2889D7900013ED76 /* LanguageCell.swift */,
			);
			path = Cells;
			sourceTree = "<group>";
		};
		B9CC1398288EE65D0013ED76 /* Presenter */ = {
			isa = PBXGroup;
			children = (
				B9CC139A288EE6C20013ED76 /* StartAppPresenter.swift */,
				B9CC139F288EE8C10013ED76 /* StartAppPresenterProtocol.swift */,
			);
			path = Presenter;
			sourceTree = "<group>";
		};
		B9CC1399288EE6640013ED76 /* Interactor */ = {
			isa = PBXGroup;
			children = (
				B9CC139C288EE6E90013ED76 /* StartAppInteractor.swift */,
				B9CC13A1288EE98E0013ED76 /* StartAppInteractorProtocol.swift */,
			);
			path = Interactor;
			sourceTree = "<group>";
		};
		B9CC13A9288EF6E40013ED76 /* Flow */ = {
			isa = PBXGroup;
			children = (
				B99B176429450C47002167DB /* TabbarFlowCoordinator */,
				B99B176329450BA4002167DB /* AppFlowCoordinator */,
				B9CC13A7288EF56D0013ED76 /* FlowCoordinator.swift */,
				B9CC13AA288EF6FF0013ED76 /* FlowCoordinatorProtocol.swift */,
			);
			path = Flow;
			sourceTree = "<group>";
		};
		B9CC13AC288F070E0013ED76 /* NewLanguage */ = {
			isa = PBXGroup;
			children = (
				B9CC13BC288F0AC90013ED76 /* NewLanguageModuleBuilder.swift */,
				B9CC13AF288F07650013ED76 /* Interactor */,
				B9CC13AE288F075B0013ED76 /* Presenter */,
				B9CC13AD288F072F0013ED76 /* View */,
			);
			path = NewLanguage;
			sourceTree = "<group>";
		};
		B9CC13AD288F072F0013ED76 /* View */ = {
			isa = PBXGroup;
			children = (
				B9CC13B0288F07BF0013ED76 /* NewLanguageViewController.swift */,
				B9CC13B6288F094A0013ED76 /* NewLanguageViewProtocol.swift */,
				B9CC13EA289308960013ED76 /* Views */,
			);
			path = View;
			sourceTree = "<group>";
		};
		B9CC13AE288F075B0013ED76 /* Presenter */ = {
			isa = PBXGroup;
			children = (
				B9CC13B2288F08040013ED76 /* NewLanguagePresenter.swift */,
				B9CC13B4288F087A0013ED76 /* NewLanguageProtocol.swift */,
			);
			path = Presenter;
			sourceTree = "<group>";
		};
		B9CC13AF288F07650013ED76 /* Interactor */ = {
			isa = PBXGroup;
			children = (
				B9CC13B8288F09D10013ED76 /* NewLanguageInteractor.swift */,
				B9CC13BA288F0A000013ED76 /* NewLanguageInteractorProtocol.swift */,
			);
			path = Interactor;
			sourceTree = "<group>";
		};
		B9CC13BE289069A40013ED76 /* Collections */ = {
			isa = PBXGroup;
			children = (
				B9CC13CE28906B6A0013ED76 /* CollectionsModuleBuilder.swift */,
				B9CC13C528906A600013ED76 /* Interactor */,
				B9CC13C428906A5A0013ED76 /* Presenter */,
				B9CC13C328906A530013ED76 /* View */,
			);
			path = Collections;
			sourceTree = "<group>";
		};
		B9CC13C328906A530013ED76 /* View */ = {
			isa = PBXGroup;
			children = (
				B9CC13BF289069C90013ED76 /* CollectionsViewController.swift */,
				B9CC13C128906A2F0013ED76 /* CollectionsViewProtocol.swift */,
				B9CC140E2895C1E50013ED76 /* CollectionsTableViewDataSource.swift */,
				B9CC14102895C2530013ED76 /* CollectionsCellsDataModel.swift */,
				B9CC14092895BEE60013ED76 /* Cells */,
			);
			path = View;
			sourceTree = "<group>";
		};
		B9CC13C428906A5A0013ED76 /* Presenter */ = {
			isa = PBXGroup;
			children = (
				B9CC13C628906A7C0013ED76 /* CollectionsPresenter.swift */,
				B9CC13C828906ACC0013ED76 /* CollectionsPresenterProtocol.swift */,
			);
			path = Presenter;
			sourceTree = "<group>";
		};
		B9CC13C528906A600013ED76 /* Interactor */ = {
			isa = PBXGroup;
			children = (
				B9CC13CA28906B040013ED76 /* CollectionsInteractor.swift */,
				B9CC13CC28906B310013ED76 /* CollectionsInteractorProtocol.swift */,
			);
			path = Interactor;
			sourceTree = "<group>";
		};
		B9CC13D02890705E0013ED76 /* CustomViews */ = {
			isa = PBXGroup;
			children = (
				B9CC13D2289070E70013ED76 /* TitleLabel.swift */,
				B9CC13D42890720B0013ED76 /* SubtitleLabel.swift */,
				B9CC13DA28919E0E0013ED76 /* LowerView.swift */,
				B9CC13DC2891B9090013ED76 /* LanguageTextField.swift */,
				B93EF8C328970C4C0057C774 /* FadeView.swift */,
				B93EF8D8289AFFD30057C774 /* CloseButton.swift */,
				B932E943289C402A007244E6 /* DoneButton.swift */,
				B932E949289DBD95007244E6 /* HorizontalProgressBar.swift */,
				B932E94B28A00499007244E6 /* WordTextView.swift */,
			);
			path = CustomViews;
			sourceTree = "<group>";
		};
		B9CC13D1289070700013ED76 /* Resources */ = {
			isa = PBXGroup;
			children = (
				B9CC13D72891959D0013ED76 /* Text Resources */,
				B9CC13D6289195770013ED76 /* UI Resources */,
			);
			path = Resources;
			sourceTree = "<group>";
		};
		B9CC13D6289195770013ED76 /* UI Resources */ = {
			isa = PBXGroup;
			children = (
				B9CC13D02890705E0013ED76 /* CustomViews */,
				B9CC13652887389D0013ED76 /* LaunchScreen.storyboard */,
				B9CC13632887389D0013ED76 /* Assets.xcassets */,
			);
			path = "UI Resources";
			sourceTree = "<group>";
		};
		B9CC13D72891959D0013ED76 /* Text Resources */ = {
			isa = PBXGroup;
			children = (
				B9CC13D8289195BF0013ED76 /* LanguagesForPicker.swift */,
				B9CC13F42895287B0013ED76 /* AppText.swift */,
			);
			path = "Text Resources";
			sourceTree = "<group>";
		};
		B9CC13DE2891D5730013ED76 /* Modules */ = {
			isa = PBXGroup;
			children = (
				B9CC1395288D76E60013ED76 /* StartScreen */,
				B9CC13AC288F070E0013ED76 /* NewLanguage */,
				B9CC13BE289069A40013ED76 /* Collections */,
				B9CC14122896846B0013ED76 /* Cards */,
				B93EF8C5289AF9190057C774 /* Word */,
				B932E94D28ABF972007244E6 /* RepetitionScreen */,
				B932E96628B7F90D007244E6 /* CardsRepetition */,
				B910AB392945E3EF00D9E7EA /* SettingsModule */,
			);
			path = Modules;
			sourceTree = "<group>";
		};
		B9CC13DF2891D5A50013ED76 /* Models */ = {
			isa = PBXGroup;
			children = (
				B9CC13E02891D5C60013ED76 /* Language.swift */,
				B9CC13E22891D5F10013ED76 /* CardCollection.swift */,
				B9CC13E42891D6380013ED76 /* Card.swift */,
				B9CC13E62891D6510013ED76 /* Word.swift */,
				B9CC13EE28930A8A0013ED76 /* InfoPickerModel.swift */,
			);
			path = Models;
			sourceTree = "<group>";
		};
		B9CC13EA289308960013ED76 /* Views */ = {
			isa = PBXGroup;
			children = (
				B9CC13E82893084E0013ED76 /* LanguagesPickerView.swift */,
			);
			path = Views;
			sourceTree = "<group>";
		};
		B9CC13EB289309390013ED76 /* Services */ = {
			isa = PBXGroup;
			children = (
				B9CC13EC2893094D0013ED76 /* ImageProvider.swift */,
			);
			path = Services;
			sourceTree = "<group>";
		};
		B9CC14092895BEE60013ED76 /* Cells */ = {
			isa = PBXGroup;
			children = (
				B9CC140A2895C00C0013ED76 /* StatisticsCell.swift */,
				B932E945289DB069007244E6 /* HeaderCell.swift */,
				B9CC140C2895C1100013ED76 /* CollectionCell.swift */,
			);
			path = Cells;
			sourceTree = "<group>";
		};
		B9CC14122896846B0013ED76 /* Cards */ = {
			isa = PBXGroup;
			children = (
				B93EF8C128968F310057C774 /* CardsModuleBuilder.swift */,
				B93EF8BC28968E1C0057C774 /* Interactor */,
				B93EF8BB28968E120057C774 /* Presenter */,
				B9CC141B289687F00013ED76 /* View */,
			);
			path = Cards;
			sourceTree = "<group>";
		};
		B9CC141B289687F00013ED76 /* View */ = {
			isa = PBXGroup;
			children = (
				B9CC1413289686140013ED76 /* CardsViewController.swift */,
				B93EF8B328968A8F0057C774 /* CardsViewProtocol.swift */,
				B9CC14192896878E0013ED76 /* CardsTableViewDataSource.swift */,
				B93EF8B528968B150057C774 /* CardCellDataModel.swift */,
				B9CC141C289687FA0013ED76 /* Cell */,
			);
			path = View;
			sourceTree = "<group>";
		};
		B9CC141C289687FA0013ED76 /* Cell */ = {
			isa = PBXGroup;
			children = (
				B9CC141D289688470013ED76 /* CardsCell.swift */,
			);
			path = Cell;
			sourceTree = "<group>";
		};
/* End PBXGroup section */

/* Begin PBXNativeTarget section */
		B9CC1356288738980013ED76 /* Cofio */ = {
			isa = PBXNativeTarget;
			buildConfigurationList = B9CC13812887389E0013ED76 /* Build configuration list for PBXNativeTarget "Cofio" */;
			buildPhases = (
				B9CC1353288738980013ED76 /* Sources */,
				B9CC1354288738980013ED76 /* Frameworks */,
				B9CC1355288738980013ED76 /* Resources */,
			);
			buildRules = (
			);
			dependencies = (
			);
			name = Cofio;
			productName = Cofio;
			productReference = B9CC1357288738980013ED76 /* Cofio.app */;
			productType = "com.apple.product-type.application";
		};
		B9CC136C2887389E0013ED76 /* CofioTests */ = {
			isa = PBXNativeTarget;
			buildConfigurationList = B9CC13842887389E0013ED76 /* Build configuration list for PBXNativeTarget "CofioTests" */;
			buildPhases = (
				B9CC13692887389E0013ED76 /* Sources */,
				B9CC136A2887389E0013ED76 /* Frameworks */,
				B9CC136B2887389E0013ED76 /* Resources */,
			);
			buildRules = (
			);
			dependencies = (
				B9CC136F2887389E0013ED76 /* PBXTargetDependency */,
			);
			name = CofioTests;
			productName = CofioTests;
			productReference = B9CC136D2887389E0013ED76 /* CofioTests.xctest */;
			productType = "com.apple.product-type.bundle.unit-test";
		};
		B9CC13762887389E0013ED76 /* CofioUITests */ = {
			isa = PBXNativeTarget;
			buildConfigurationList = B9CC13872887389E0013ED76 /* Build configuration list for PBXNativeTarget "CofioUITests" */;
			buildPhases = (
				B9CC13732887389E0013ED76 /* Sources */,
				B9CC13742887389E0013ED76 /* Frameworks */,
				B9CC13752887389E0013ED76 /* Resources */,
			);
			buildRules = (
			);
			dependencies = (
				B9CC13792887389E0013ED76 /* PBXTargetDependency */,
			);
			name = CofioUITests;
			productName = CofioUITests;
			productReference = B9CC13772887389E0013ED76 /* CofioUITests.xctest */;
			productType = "com.apple.product-type.bundle.ui-testing";
		};
/* End PBXNativeTarget section */

/* Begin PBXProject section */
		B9CC134F288738980013ED76 /* Project object */ = {
			isa = PBXProject;
			attributes = {
				BuildIndependentTargetsInParallel = 1;
				LastSwiftUpdateCheck = 1330;
				LastUpgradeCheck = 1330;
				TargetAttributes = {
					B9CC1356288738980013ED76 = {
						CreatedOnToolsVersion = 13.3.1;
					};
					B9CC136C2887389E0013ED76 = {
						CreatedOnToolsVersion = 13.3.1;
						TestTargetID = B9CC1356288738980013ED76;
					};
					B9CC13762887389E0013ED76 = {
						CreatedOnToolsVersion = 13.3.1;
						TestTargetID = B9CC1356288738980013ED76;
					};
				};
			};
			buildConfigurationList = B9CC1352288738980013ED76 /* Build configuration list for PBXProject "Cofio" */;
			compatibilityVersion = "Xcode 13.0";
			developmentRegion = en;
			hasScannedForEncodings = 0;
			knownRegions = (
				en,
				Base,
			);
			mainGroup = B9CC134E288738970013ED76;
			productRefGroup = B9CC1358288738980013ED76 /* Products */;
			projectDirPath = "";
			projectRoot = "";
			targets = (
				B9CC1356288738980013ED76 /* Cofio */,
				B9CC136C2887389E0013ED76 /* CofioTests */,
				B9CC13762887389E0013ED76 /* CofioUITests */,
			);
		};
/* End PBXProject section */

/* Begin PBXResourcesBuildPhase section */
		B9CC1355288738980013ED76 /* Resources */ = {
			isa = PBXResourcesBuildPhase;
			buildActionMask = 2147483647;
			files = (
				B9CC13672887389D0013ED76 /* LaunchScreen.storyboard in Resources */,
				B9CC13642887389D0013ED76 /* Assets.xcassets in Resources */,
			);
			runOnlyForDeploymentPostprocessing = 0;
		};
		B9CC136B2887389E0013ED76 /* Resources */ = {
			isa = PBXResourcesBuildPhase;
			buildActionMask = 2147483647;
			files = (
			);
			runOnlyForDeploymentPostprocessing = 0;
		};
		B9CC13752887389E0013ED76 /* Resources */ = {
			isa = PBXResourcesBuildPhase;
			buildActionMask = 2147483647;
			files = (
			);
			runOnlyForDeploymentPostprocessing = 0;
		};
/* End PBXResourcesBuildPhase section */

/* Begin PBXSourcesBuildPhase section */
		B9CC1353288738980013ED76 /* Sources */ = {
			isa = PBXSourcesBuildPhase;
			buildActionMask = 2147483647;
			files = (
				B9CC13AB288EF6FF0013ED76 /* FlowCoordinatorProtocol.swift in Sources */,
				B932E96328AC06AD007244E6 /* RepetitionCellDataModel.swift in Sources */,
				B9CC13D9289195BF0013ED76 /* LanguagesForPicker.swift in Sources */,
				B910AB402945E51900D9E7EA /* StatisticsViewController.swift in Sources */,
				B9CC138F288B0AFD0013ED76 /* UITableView+Extension.swift in Sources */,
				B93EF8D7289AFB720057C774 /* WordModuleBuilder.swift in Sources */,
				B99B175A2944CEE7002167DB /* TabBarPage.swift in Sources */,
				B9CC13B7288F094A0013ED76 /* NewLanguageViewProtocol.swift in Sources */,
				B9CC13EF28930A8A0013ED76 /* InfoPickerModel.swift in Sources */,
				B9CC13D3289070E70013ED76 /* TitleLabel.swift in Sources */,
				B9CC13DB28919E0E0013ED76 /* LowerView.swift in Sources */,
				B93EF8C428970C4C0057C774 /* FadeView.swift in Sources */,
				B93EF8D5289AFB2A0057C774 /* WordInteractorProtocol.swift in Sources */,
				B9CC14112895C2530013ED76 /* CollectionsCellsDataModel.swift in Sources */,
				B9CC13A6288EEC7A0013ED76 /* StartAppModuleBuilder.swift in Sources */,
				B9CC13A2288EE98E0013ED76 /* StartAppInteractorProtocol.swift in Sources */,
				B932E95C28ABFB51007244E6 /* RepetitionInteractorProtocol.swift in Sources */,
				B9CC13E52891D6380013ED76 /* Card.swift in Sources */,
				B932E97928B7FC29007244E6 /* CardsRepetitionViewProtocol.swift in Sources */,
				B93EF8D9289AFFD30057C774 /* CloseButton.swift in Sources */,
				B932E95228ABF9DC007244E6 /* RepetitionViewController.swift in Sources */,
				B9CC13E72891D6510013ED76 /* Word.swift in Sources */,
				B9CC13DD2891B9090013ED76 /* LanguageTextField.swift in Sources */,
				B932E95E28ABFBC4007244E6 /* RepetitionModuleBuilder.swift in Sources */,
				B9CC13E32891D5F10013ED76 /* CardCollection.swift in Sources */,
				B932E97728B7FB5B007244E6 /* CardsRepetitionModuleBuilder.swift in Sources */,
				B9CC13A4288EEAA70013ED76 /* StartAppViewProtocol.swift in Sources */,
				B932E946289DB069007244E6 /* HeaderCell.swift in Sources */,
				B932E95A28ABFADF007244E6 /* RepetitonInteractor.swift in Sources */,
				B932E97528B7FAD0007244E6 /* CardsRepetitionInteractorProtocol.swift in Sources */,
				B9CC135F288738980013ED76 /* StartAppViewController.swift in Sources */,
				B932E95828ABFA98007244E6 /* RepetitionPresenterProtocol.swift in Sources */,
				B93EF8CB289AF9910057C774 /* WordViewController.swift in Sources */,
				B9CC13B5288F087A0013ED76 /* NewLanguageProtocol.swift in Sources */,
				B99B17542944CD66002167DB /* AppFlowCoordinator.swift in Sources */,
				B93EF8B828968D210057C774 /* CardsPresenter.swift in Sources */,
				B99B17522944CD2D002167DB /* Coordinator.swift in Sources */,
				B9CC141E289688470013ED76 /* CardsCell.swift in Sources */,
				B9CC1391288B0B840013ED76 /* UITableViewCell+Extension.swift in Sources */,
				B9CC140B2895C00C0013ED76 /* StatisticsCell.swift in Sources */,
				B9CC13C728906A7C0013ED76 /* CollectionsPresenter.swift in Sources */,
				B9CC13B1288F07BF0013ED76 /* NewLanguageViewController.swift in Sources */,
				B9CC139D288EE6E90013ED76 /* StartAppInteractor.swift in Sources */,
				B9CC1414289686140013ED76 /* CardsViewController.swift in Sources */,
				B910AB3C2945E42400D9E7EA /* SettingsViewController.swift in Sources */,
				B93EF8BA28968D950057C774 /* CardsPresenterProtocol.swift in Sources */,
				B93EF8D3289AFB060057C774 /* WordInteractor.swift in Sources */,
				B9CC13C0289069C90013ED76 /* CollectionsViewController.swift in Sources */,
				B9CC13ED2893094D0013ED76 /* ImageProvider.swift in Sources */,
				B932E96F28B7FA0E007244E6 /* CardsRepetitionPresenter.swift in Sources */,
				B9CC13E92893084E0013ED76 /* LanguagesPickerView.swift in Sources */,
				B932E96528AC06F4007244E6 /* RepetitionTableViewDataSource.swift in Sources */,
				B932E97328B7FAA5007244E6 /* CardsRepetitionInteractor.swift in Sources */,
				B9CC13CB28906B040013ED76 /* CollectionsInteractor.swift in Sources */,
				B9CC13CD28906B310013ED76 /* CollectionsInteractorProtocol.swift in Sources */,
				B932E94C28A00499007244E6 /* WordTextView.swift in Sources */,
				B932E95428ABFA1E007244E6 /* RepetitionViewProtocol.swift in Sources */,
				B932E96B28B7F960007244E6 /* CardsRepetitionViewController.swift in Sources */,
				B932E944289C402A007244E6 /* DoneButton.swift in Sources */,
				B9CC13C228906A2F0013ED76 /* CollectionsViewProtocol.swift in Sources */,
				B9CC13F52895287B0013ED76 /* AppText.swift in Sources */,
				B932E97128B7FA58007244E6 /* CardsRepetitionProtocol.swift in Sources */,
				B9CC13A0288EE8C10013ED76 /* StartAppPresenterProtocol.swift in Sources */,
				B93EF8B428968A8F0057C774 /* CardsViewProtocol.swift in Sources */,
				B932E948289DB365007244E6 /* StartAppCellViewModel.swift in Sources */,
				B9CC13A8288EF56D0013ED76 /* FlowCoordinator.swift in Sources */,
				B99B175C2944CF07002167DB /* TabCoordinator.swift in Sources */,
				B9CC13BB288F0A000013ED76 /* NewLanguageInteractorProtocol.swift in Sources */,
				B93EF8CD289AF9B60057C774 /* WordViewProtocol.swift in Sources */,
				B9CC13F1289310460013ED76 /* UIStackView+Extension.swift in Sources */,
				B9CC135B288738980013ED76 /* AppDelegate.swift in Sources */,
				B93EF8CF289AFAB00057C774 /* WordPresenter.swift in Sources */,
				B93EF8C228968F310057C774 /* CardsModuleBuilder.swift in Sources */,
				B9CC13F728952B630013ED76 /* DymmyData.swift in Sources */,
				B9CC138D2889D7900013ED76 /* LanguageCell.swift in Sources */,
				B9CC13B3288F08040013ED76 /* NewLanguagePresenter.swift in Sources */,
				B932E96128AC032B007244E6 /* RepetitionCell.swift in Sources */,
				B9CC13CF28906B6A0013ED76 /* CollectionsModuleBuilder.swift in Sources */,
				B932E95628ABFA5F007244E6 /* RepetitionPresenter.swift in Sources */,
				B93EF8C028968E690057C774 /* CardsInteractorProtocol.swift in Sources */,
				B9CC140F2895C1E50013ED76 /* CollectionsTableViewDataSource.swift in Sources */,
				B93EF8B628968B150057C774 /* CardCellDataModel.swift in Sources */,
				B9CC13F32894506E0013ED76 /* LanguageTableViewDataSource.swift in Sources */,
				B9CC135D288738980013ED76 /* SceneDelegate.swift in Sources */,
				B9CC140D2895C1100013ED76 /* CollectionCell.swift in Sources */,
				B9CC139B288EE6C20013ED76 /* StartAppPresenter.swift in Sources */,
				B93EF8BE28968E320057C774 /* CardsInteractor.swift in Sources */,
				B9CC13D52890720B0013ED76 /* SubtitleLabel.swift in Sources */,
				B93EF8D1289AFADC0057C774 /* WordPresenterProtocol.swift in Sources */,
				B9CC141A2896878E0013ED76 /* CardsTableViewDataSource.swift in Sources */,
				B9CC1394288B15F00013ED76 /* UIColor+Extension.swift in Sources */,
				B9CC13E12891D5C60013ED76 /* Language.swift in Sources */,
				B932E94A289DBD95007244E6 /* HorizontalProgressBar.swift in Sources */,
				B9CC13BD288F0AC90013ED76 /* NewLanguageModuleBuilder.swift in Sources */,
				B9CC13B9288F09D10013ED76 /* NewLanguageInteractor.swift in Sources */,
				B9CC13C928906ACC0013ED76 /* CollectionsPresenterProtocol.swift in Sources */,
			);
			runOnlyForDeploymentPostprocessing = 0;
		};
		B9CC13692887389E0013ED76 /* Sources */ = {
			isa = PBXSourcesBuildPhase;
			buildActionMask = 2147483647;
			files = (
				B9CC13722887389E0013ED76 /* CofioTests.swift in Sources */,
			);
			runOnlyForDeploymentPostprocessing = 0;
		};
		B9CC13732887389E0013ED76 /* Sources */ = {
			isa = PBXSourcesBuildPhase;
			buildActionMask = 2147483647;
			files = (
				B9CC137C2887389E0013ED76 /* CofioUITests.swift in Sources */,
				B9CC137E2887389E0013ED76 /* CofioUITestsLaunchTests.swift in Sources */,
			);
			runOnlyForDeploymentPostprocessing = 0;
		};
/* End PBXSourcesBuildPhase section */

/* Begin PBXTargetDependency section */
		B9CC136F2887389E0013ED76 /* PBXTargetDependency */ = {
			isa = PBXTargetDependency;
			target = B9CC1356288738980013ED76 /* Cofio */;
			targetProxy = B9CC136E2887389E0013ED76 /* PBXContainerItemProxy */;
		};
		B9CC13792887389E0013ED76 /* PBXTargetDependency */ = {
			isa = PBXTargetDependency;
			target = B9CC1356288738980013ED76 /* Cofio */;
			targetProxy = B9CC13782887389E0013ED76 /* PBXContainerItemProxy */;
		};
/* End PBXTargetDependency section */

/* Begin PBXVariantGroup section */
		B9CC13652887389D0013ED76 /* LaunchScreen.storyboard */ = {
			isa = PBXVariantGroup;
			children = (
				B9CC13662887389D0013ED76 /* Base */,
			);
			name = LaunchScreen.storyboard;
			sourceTree = "<group>";
		};
/* End PBXVariantGroup section */

/* Begin XCBuildConfiguration section */
		B9CC137F2887389E0013ED76 /* Debug */ = {
			isa = XCBuildConfiguration;
			buildSettings = {
				ALWAYS_SEARCH_USER_PATHS = NO;
				CLANG_ANALYZER_NONNULL = YES;
				CLANG_ANALYZER_NUMBER_OBJECT_CONVERSION = YES_AGGRESSIVE;
				CLANG_CXX_LANGUAGE_STANDARD = "gnu++17";
				CLANG_ENABLE_MODULES = YES;
				CLANG_ENABLE_OBJC_ARC = YES;
				CLANG_ENABLE_OBJC_WEAK = YES;
				CLANG_WARN_BLOCK_CAPTURE_AUTORELEASING = YES;
				CLANG_WARN_BOOL_CONVERSION = YES;
				CLANG_WARN_COMMA = YES;
				CLANG_WARN_CONSTANT_CONVERSION = YES;
				CLANG_WARN_DEPRECATED_OBJC_IMPLEMENTATIONS = YES;
				CLANG_WARN_DIRECT_OBJC_ISA_USAGE = YES_ERROR;
				CLANG_WARN_DOCUMENTATION_COMMENTS = YES;
				CLANG_WARN_EMPTY_BODY = YES;
				CLANG_WARN_ENUM_CONVERSION = YES;
				CLANG_WARN_INFINITE_RECURSION = YES;
				CLANG_WARN_INT_CONVERSION = YES;
				CLANG_WARN_NON_LITERAL_NULL_CONVERSION = YES;
				CLANG_WARN_OBJC_IMPLICIT_RETAIN_SELF = YES;
				CLANG_WARN_OBJC_LITERAL_CONVERSION = YES;
				CLANG_WARN_OBJC_ROOT_CLASS = YES_ERROR;
				CLANG_WARN_QUOTED_INCLUDE_IN_FRAMEWORK_HEADER = YES;
				CLANG_WARN_RANGE_LOOP_ANALYSIS = YES;
				CLANG_WARN_STRICT_PROTOTYPES = YES;
				CLANG_WARN_SUSPICIOUS_MOVE = YES;
				CLANG_WARN_UNGUARDED_AVAILABILITY = YES_AGGRESSIVE;
				CLANG_WARN_UNREACHABLE_CODE = YES;
				CLANG_WARN__DUPLICATE_METHOD_MATCH = YES;
				COPY_PHASE_STRIP = NO;
				DEBUG_INFORMATION_FORMAT = dwarf;
				ENABLE_STRICT_OBJC_MSGSEND = YES;
				ENABLE_TESTABILITY = YES;
				GCC_C_LANGUAGE_STANDARD = gnu11;
				GCC_DYNAMIC_NO_PIC = NO;
				GCC_NO_COMMON_BLOCKS = YES;
				GCC_OPTIMIZATION_LEVEL = 0;
				GCC_PREPROCESSOR_DEFINITIONS = (
					"DEBUG=1",
					"$(inherited)",
				);
				GCC_WARN_64_TO_32_BIT_CONVERSION = YES;
				GCC_WARN_ABOUT_RETURN_TYPE = YES_ERROR;
				GCC_WARN_UNDECLARED_SELECTOR = YES;
				GCC_WARN_UNINITIALIZED_AUTOS = YES_AGGRESSIVE;
				GCC_WARN_UNUSED_FUNCTION = YES;
				GCC_WARN_UNUSED_VARIABLE = YES;
				IPHONEOS_DEPLOYMENT_TARGET = 15.4;
				MTL_ENABLE_DEBUG_INFO = INCLUDE_SOURCE;
				MTL_FAST_MATH = YES;
				ONLY_ACTIVE_ARCH = YES;
				SDKROOT = iphoneos;
				SWIFT_ACTIVE_COMPILATION_CONDITIONS = DEBUG;
				SWIFT_OPTIMIZATION_LEVEL = "-Onone";
			};
			name = Debug;
		};
		B9CC13802887389E0013ED76 /* Release */ = {
			isa = XCBuildConfiguration;
			buildSettings = {
				ALWAYS_SEARCH_USER_PATHS = NO;
				CLANG_ANALYZER_NONNULL = YES;
				CLANG_ANALYZER_NUMBER_OBJECT_CONVERSION = YES_AGGRESSIVE;
				CLANG_CXX_LANGUAGE_STANDARD = "gnu++17";
				CLANG_ENABLE_MODULES = YES;
				CLANG_ENABLE_OBJC_ARC = YES;
				CLANG_ENABLE_OBJC_WEAK = YES;
				CLANG_WARN_BLOCK_CAPTURE_AUTORELEASING = YES;
				CLANG_WARN_BOOL_CONVERSION = YES;
				CLANG_WARN_COMMA = YES;
				CLANG_WARN_CONSTANT_CONVERSION = YES;
				CLANG_WARN_DEPRECATED_OBJC_IMPLEMENTATIONS = YES;
				CLANG_WARN_DIRECT_OBJC_ISA_USAGE = YES_ERROR;
				CLANG_WARN_DOCUMENTATION_COMMENTS = YES;
				CLANG_WARN_EMPTY_BODY = YES;
				CLANG_WARN_ENUM_CONVERSION = YES;
				CLANG_WARN_INFINITE_RECURSION = YES;
				CLANG_WARN_INT_CONVERSION = YES;
				CLANG_WARN_NON_LITERAL_NULL_CONVERSION = YES;
				CLANG_WARN_OBJC_IMPLICIT_RETAIN_SELF = YES;
				CLANG_WARN_OBJC_LITERAL_CONVERSION = YES;
				CLANG_WARN_OBJC_ROOT_CLASS = YES_ERROR;
				CLANG_WARN_QUOTED_INCLUDE_IN_FRAMEWORK_HEADER = YES;
				CLANG_WARN_RANGE_LOOP_ANALYSIS = YES;
				CLANG_WARN_STRICT_PROTOTYPES = YES;
				CLANG_WARN_SUSPICIOUS_MOVE = YES;
				CLANG_WARN_UNGUARDED_AVAILABILITY = YES_AGGRESSIVE;
				CLANG_WARN_UNREACHABLE_CODE = YES;
				CLANG_WARN__DUPLICATE_METHOD_MATCH = YES;
				COPY_PHASE_STRIP = NO;
				DEBUG_INFORMATION_FORMAT = "dwarf-with-dsym";
				ENABLE_NS_ASSERTIONS = NO;
				ENABLE_STRICT_OBJC_MSGSEND = YES;
				GCC_C_LANGUAGE_STANDARD = gnu11;
				GCC_NO_COMMON_BLOCKS = YES;
				GCC_WARN_64_TO_32_BIT_CONVERSION = YES;
				GCC_WARN_ABOUT_RETURN_TYPE = YES_ERROR;
				GCC_WARN_UNDECLARED_SELECTOR = YES;
				GCC_WARN_UNINITIALIZED_AUTOS = YES_AGGRESSIVE;
				GCC_WARN_UNUSED_FUNCTION = YES;
				GCC_WARN_UNUSED_VARIABLE = YES;
				IPHONEOS_DEPLOYMENT_TARGET = 15.4;
				MTL_ENABLE_DEBUG_INFO = NO;
				MTL_FAST_MATH = YES;
				SDKROOT = iphoneos;
				SWIFT_COMPILATION_MODE = wholemodule;
				SWIFT_OPTIMIZATION_LEVEL = "-O";
				VALIDATE_PRODUCT = YES;
			};
			name = Release;
		};
		B9CC13822887389E0013ED76 /* Debug */ = {
			isa = XCBuildConfiguration;
			buildSettings = {
				ASSETCATALOG_COMPILER_APPICON_NAME = AppIcon;
				ASSETCATALOG_COMPILER_GLOBAL_ACCENT_COLOR_NAME = AccentColor;
				CODE_SIGN_STYLE = Automatic;
				CURRENT_PROJECT_VERSION = 1;
				DEVELOPMENT_TEAM = Y994MRWU9A;
				GENERATE_INFOPLIST_FILE = YES;
				INFOPLIST_FILE = Cofio/Info.plist;
				INFOPLIST_KEY_UIApplicationSupportsIndirectInputEvents = YES;
				INFOPLIST_KEY_UILaunchStoryboardName = LaunchScreen;
				INFOPLIST_KEY_UISupportedInterfaceOrientations_iPad = "UIInterfaceOrientationPortrait UIInterfaceOrientationPortraitUpsideDown UIInterfaceOrientationLandscapeLeft UIInterfaceOrientationLandscapeRight";
				INFOPLIST_KEY_UISupportedInterfaceOrientations_iPhone = "UIInterfaceOrientationPortrait UIInterfaceOrientationLandscapeLeft UIInterfaceOrientationLandscapeRight";
				IPHONEOS_DEPLOYMENT_TARGET = 14.7;
				LD_RUNPATH_SEARCH_PATHS = (
					"$(inherited)",
					"@executable_path/Frameworks",
				);
				MARKETING_VERSION = 1.0;
				PRODUCT_BUNDLE_IDENTIFIER = swift.ru.Cofio;
				PRODUCT_NAME = "$(TARGET_NAME)";
				SWIFT_EMIT_LOC_STRINGS = YES;
				SWIFT_VERSION = 5.0;
				TARGETED_DEVICE_FAMILY = "1,2";
			};
			name = Debug;
		};
		B9CC13832887389E0013ED76 /* Release */ = {
			isa = XCBuildConfiguration;
			buildSettings = {
				ASSETCATALOG_COMPILER_APPICON_NAME = AppIcon;
				ASSETCATALOG_COMPILER_GLOBAL_ACCENT_COLOR_NAME = AccentColor;
				CODE_SIGN_STYLE = Automatic;
				CURRENT_PROJECT_VERSION = 1;
				DEVELOPMENT_TEAM = Y994MRWU9A;
				GENERATE_INFOPLIST_FILE = YES;
				INFOPLIST_FILE = Cofio/Info.plist;
				INFOPLIST_KEY_UIApplicationSupportsIndirectInputEvents = YES;
				INFOPLIST_KEY_UILaunchStoryboardName = LaunchScreen;
				INFOPLIST_KEY_UISupportedInterfaceOrientations_iPad = "UIInterfaceOrientationPortrait UIInterfaceOrientationPortraitUpsideDown UIInterfaceOrientationLandscapeLeft UIInterfaceOrientationLandscapeRight";
				INFOPLIST_KEY_UISupportedInterfaceOrientations_iPhone = "UIInterfaceOrientationPortrait UIInterfaceOrientationLandscapeLeft UIInterfaceOrientationLandscapeRight";
				IPHONEOS_DEPLOYMENT_TARGET = 14.7;
				LD_RUNPATH_SEARCH_PATHS = (
					"$(inherited)",
					"@executable_path/Frameworks",
				);
				MARKETING_VERSION = 1.0;
				PRODUCT_BUNDLE_IDENTIFIER = swift.ru.Cofio;
				PRODUCT_NAME = "$(TARGET_NAME)";
				SWIFT_EMIT_LOC_STRINGS = YES;
				SWIFT_VERSION = 5.0;
				TARGETED_DEVICE_FAMILY = "1,2";
			};
			name = Release;
		};
		B9CC13852887389E0013ED76 /* Debug */ = {
			isa = XCBuildConfiguration;
			buildSettings = {
				ALWAYS_EMBED_SWIFT_STANDARD_LIBRARIES = YES;
				BUNDLE_LOADER = "$(TEST_HOST)";
				CODE_SIGN_STYLE = Automatic;
				CURRENT_PROJECT_VERSION = 1;
				DEVELOPMENT_TEAM = Y994MRWU9A;
				GENERATE_INFOPLIST_FILE = YES;
				IPHONEOS_DEPLOYMENT_TARGET = 15.4;
				MARKETING_VERSION = 1.0;
				PRODUCT_BUNDLE_IDENTIFIER = swift.ru.CofioTests;
				PRODUCT_NAME = "$(TARGET_NAME)";
				SWIFT_EMIT_LOC_STRINGS = NO;
				SWIFT_VERSION = 5.0;
				TARGETED_DEVICE_FAMILY = "1,2";
				TEST_HOST = "$(BUILT_PRODUCTS_DIR)/Cofio.app/Cofio";
			};
			name = Debug;
		};
		B9CC13862887389E0013ED76 /* Release */ = {
			isa = XCBuildConfiguration;
			buildSettings = {
				ALWAYS_EMBED_SWIFT_STANDARD_LIBRARIES = YES;
				BUNDLE_LOADER = "$(TEST_HOST)";
				CODE_SIGN_STYLE = Automatic;
				CURRENT_PROJECT_VERSION = 1;
				DEVELOPMENT_TEAM = Y994MRWU9A;
				GENERATE_INFOPLIST_FILE = YES;
				IPHONEOS_DEPLOYMENT_TARGET = 15.4;
				MARKETING_VERSION = 1.0;
				PRODUCT_BUNDLE_IDENTIFIER = swift.ru.CofioTests;
				PRODUCT_NAME = "$(TARGET_NAME)";
				SWIFT_EMIT_LOC_STRINGS = NO;
				SWIFT_VERSION = 5.0;
				TARGETED_DEVICE_FAMILY = "1,2";
				TEST_HOST = "$(BUILT_PRODUCTS_DIR)/Cofio.app/Cofio";
			};
			name = Release;
		};
		B9CC13882887389E0013ED76 /* Debug */ = {
			isa = XCBuildConfiguration;
			buildSettings = {
				ALWAYS_EMBED_SWIFT_STANDARD_LIBRARIES = YES;
				CODE_SIGN_STYLE = Automatic;
				CURRENT_PROJECT_VERSION = 1;
				DEVELOPMENT_TEAM = Y994MRWU9A;
				GENERATE_INFOPLIST_FILE = YES;
				MARKETING_VERSION = 1.0;
				PRODUCT_BUNDLE_IDENTIFIER = swift.ru.CofioUITests;
				PRODUCT_NAME = "$(TARGET_NAME)";
				SWIFT_EMIT_LOC_STRINGS = NO;
				SWIFT_VERSION = 5.0;
				TARGETED_DEVICE_FAMILY = "1,2";
				TEST_TARGET_NAME = Cofio;
			};
			name = Debug;
		};
		B9CC13892887389E0013ED76 /* Release */ = {
			isa = XCBuildConfiguration;
			buildSettings = {
				ALWAYS_EMBED_SWIFT_STANDARD_LIBRARIES = YES;
				CODE_SIGN_STYLE = Automatic;
				CURRENT_PROJECT_VERSION = 1;
				DEVELOPMENT_TEAM = Y994MRWU9A;
				GENERATE_INFOPLIST_FILE = YES;
				MARKETING_VERSION = 1.0;
				PRODUCT_BUNDLE_IDENTIFIER = swift.ru.CofioUITests;
				PRODUCT_NAME = "$(TARGET_NAME)";
				SWIFT_EMIT_LOC_STRINGS = NO;
				SWIFT_VERSION = 5.0;
				TARGETED_DEVICE_FAMILY = "1,2";
				TEST_TARGET_NAME = Cofio;
			};
			name = Release;
		};
/* End XCBuildConfiguration section */

/* Begin XCConfigurationList section */
		B9CC1352288738980013ED76 /* Build configuration list for PBXProject "Cofio" */ = {
			isa = XCConfigurationList;
			buildConfigurations = (
				B9CC137F2887389E0013ED76 /* Debug */,
				B9CC13802887389E0013ED76 /* Release */,
			);
			defaultConfigurationIsVisible = 0;
			defaultConfigurationName = Release;
		};
		B9CC13812887389E0013ED76 /* Build configuration list for PBXNativeTarget "Cofio" */ = {
			isa = XCConfigurationList;
			buildConfigurations = (
				B9CC13822887389E0013ED76 /* Debug */,
				B9CC13832887389E0013ED76 /* Release */,
			);
			defaultConfigurationIsVisible = 0;
			defaultConfigurationName = Release;
		};
		B9CC13842887389E0013ED76 /* Build configuration list for PBXNativeTarget "CofioTests" */ = {
			isa = XCConfigurationList;
			buildConfigurations = (
				B9CC13852887389E0013ED76 /* Debug */,
				B9CC13862887389E0013ED76 /* Release */,
			);
			defaultConfigurationIsVisible = 0;
			defaultConfigurationName = Release;
		};
		B9CC13872887389E0013ED76 /* Build configuration list for PBXNativeTarget "CofioUITests" */ = {
			isa = XCConfigurationList;
			buildConfigurations = (
				B9CC13882887389E0013ED76 /* Debug */,
				B9CC13892887389E0013ED76 /* Release */,
			);
			defaultConfigurationIsVisible = 0;
			defaultConfigurationName = Release;
		};
/* End XCConfigurationList section */
	};
	rootObject = B9CC134F288738980013ED76 /* Project object */;
}
